
Microsoft Visual Studio Solution File, Format Version 12.00
# Visual Studio Version 16
VisualStudioVersion = 16.0.30907.101
MinimumVisualStudioVersion = 10.0.40219.1
Project("{FAE04EC0-301F-11D3-BF4B-00C04F79EFBC}") = "ArraySolutions", "ArraySolutions.csproj", "{55D1FE42-44A7-4C1D-827E-5036159F8B8C}"
EndProject
Global
	GlobalSection(SolutionConfigurationPlatforms) = preSolution
		Debug|Any CPU = Debug|Any CPU
		Release|Any CPU = Release|Any CPU
	EndGlobalSection
	GlobalSection(ProjectConfigurationPlatforms) = postSolution
		{55D1FE42-44A7-4C1D-827E-5036159F8B8C}.Debug|Any CPU.ActiveCfg = Debug|Any CPU
		{55D1FE42-44A7-4C1D-827E-5036159F8B8C}.Debug|Any CPU.Build.0 = Debug|Any CPU
		{55D1FE42-44A7-4C1D-827E-5036159F8B8C}.Release|Any CPU.ActiveCfg = Release|Any CPU
		{55D1FE42-44A7-4C1D-827E-5036159F8B8C}.Release|Any CPU.Build.0 = Release|Any CPU
	EndGlobalSection
	GlobalSection(SolutionProperties) = preSolution
		HideSolutionNode = FALSE
	EndGlobalSection
	GlobalSection(ExtensibilityGlobals) = postSolution
		SolutionGuid = {EEFD5C13-DCDE-4464-AF00-53B72DF9A521}
	EndGlobalSection
EndGlobal
